
Microsoft Visual Studio Solution File, Format Version 12.00
# Visual Studio Version 17
VisualStudioVersion = 17.4.33213.308
MinimumVisualStudioVersion = 10.0.40219.1
Project("{FAE04EC0-301F-11D3-BF4B-00C04F79EFBC}") = "SVLT.Temperatura", "SVLT.Temperatura\SVLT.Temperatura.csproj", "{B00816A9-A6AF-42EC-BEA8-71C801150EC5}"
EndProject
Project("{FAE04EC0-301F-11D3-BF4B-00C04F79EFBC}") = "SVLT.Temperatura.UnitTest.MSTest", "SVLT.Temperatura.UnitTest.MSTest\SVLT.Temperatura.UnitTest.MSTest.csproj", "{92935981-3C37-42A7-8F7E-4B2FB3F3F117}"
EndProject
Project("{FAE04EC0-301F-11D3-BF4B-00C04F79EFBC}") = "SVLT.StringConverter.UnitTest.AppxUnit", "SVLT.StringConverter.UnitTest.AppxUnit\SVLT.StringConverter.UnitTest.AppxUnit.csproj", "{0FE5AF49-D00E-4BE3-B998-AFBCD0DB5CE7}"
EndProject
Global
	GlobalSection(SolutionConfigurationPlatforms) = preSolution
		Debug|Any CPU = Debug|Any CPU
		Release|Any CPU = Release|Any CPU
	EndGlobalSection
	GlobalSection(ProjectConfigurationPlatforms) = postSolution
		{B00816A9-A6AF-42EC-BEA8-71C801150EC5}.Debug|Any CPU.ActiveCfg = Debug|Any CPU
		{B00816A9-A6AF-42EC-BEA8-71C801150EC5}.Debug|Any CPU.Build.0 = Debug|Any CPU
		{B00816A9-A6AF-42EC-BEA8-71C801150EC5}.Release|Any CPU.ActiveCfg = Release|Any CPU
		{B00816A9-A6AF-42EC-BEA8-71C801150EC5}.Release|Any CPU.Build.0 = Release|Any CPU
		{92935981-3C37-42A7-8F7E-4B2FB3F3F117}.Debug|Any CPU.ActiveCfg = Debug|Any CPU
		{92935981-3C37-42A7-8F7E-4B2FB3F3F117}.Debug|Any CPU.Build.0 = Debug|Any CPU
		{92935981-3C37-42A7-8F7E-4B2FB3F3F117}.Release|Any CPU.ActiveCfg = Release|Any CPU
		{92935981-3C37-42A7-8F7E-4B2FB3F3F117}.Release|Any CPU.Build.0 = Release|Any CPU
		{0FE5AF49-D00E-4BE3-B998-AFBCD0DB5CE7}.Debug|Any CPU.ActiveCfg = Debug|Any CPU
		{0FE5AF49-D00E-4BE3-B998-AFBCD0DB5CE7}.Debug|Any CPU.Build.0 = Debug|Any CPU
		{0FE5AF49-D00E-4BE3-B998-AFBCD0DB5CE7}.Release|Any CPU.ActiveCfg = Release|Any CPU
		{0FE5AF49-D00E-4BE3-B998-AFBCD0DB5CE7}.Release|Any CPU.Build.0 = Release|Any CPU
	EndGlobalSection
	GlobalSection(SolutionProperties) = preSolution
		HideSolutionNode = FALSE
	EndGlobalSection
	GlobalSection(ExtensibilityGlobals) = postSolution
		SolutionGuid = {4BB758CB-1A4F-4CBF-80DF-6ADBFFE98FFD}
	EndGlobalSection
EndGlobal
